
Microsoft Visual Studio Solution File, Format Version 12.00
# Visual Studio Version 17
VisualStudioVersion = 17.6.33815.320
MinimumVisualStudioVersion = 10.0.40219.1
Project("{8BC9CEB8-8B4A-11D0-8D11-00A0C91BC942}") = "Particle", "Particle\Particle.vcxproj", "{D1C4ABDA-014E-45AE-8912-659A73599395}"
EndProject
Global
	GlobalSection(SolutionConfigurationPlatforms) = preSolution
		Debug|x64 = Debug|x64
		Debug|x86 = Debug|x86
		Release|x64 = Release|x64
		Release|x86 = Release|x86
	EndGlobalSection
	GlobalSection(ProjectConfigurationPlatforms) = postSolution
		{D1C4ABDA-014E-45AE-8912-659A73599395}.Debug|x64.ActiveCfg = Debug|x64
		{D1C4ABDA-014E-45AE-8912-659A73599395}.Debug|x64.Build.0 = Debug|x64
		{D1C4ABDA-014E-45AE-8912-659A73599395}.Debug|x86.ActiveCfg = Debug|Win32
		{D1C4ABDA-014E-45AE-8912-659A73599395}.Debug|x86.Build.0 = Debug|Win32
		{D1C4ABDA-014E-45AE-8912-659A73599395}.Release|x64.ActiveCfg = Release|x64
		{D1C4ABDA-014E-45AE-8912-659A73599395}.Release|x64.Build.0 = Release|x64
		{D1C4ABDA-014E-45AE-8912-659A73599395}.Release|x86.ActiveCfg = Release|Win32
		{D1C4ABDA-014E-45AE-8912-659A73599395}.Release|x86.Build.0 = Release|Win32
	EndGlobalSection
	GlobalSection(SolutionProperties) = preSolution
		HideSolutionNode = FALSE
	EndGlobalSection
	GlobalSection(ExtensibilityGlobals) = postSolution
		SolutionGuid = {33FA639E-26D3-4AA1-855D-08FA31C7FF50}
	EndGlobalSection
EndGlobal
